{
  "nodes": {
    "doomdir": {
      "flake": false,
      "locked": {
        "lastModified": 1783603851,
        "narHash": "sha256-PXn0v4NR75U7/FpkaZ9GD6HPepVY5vVT48tMd1tMgdQ=",
        "owner": "marienz",
        "repo": "nix-doom-emacs-unstraightened",
        "rev": "4c63e8a411f815bd2473e5ced94dc4b8bf31d240",
        "type": "github"
      },
      "original": {
        "owner": "marienz",
        "ref": "doomdir",
        "repo": "nix-doom-emacs-unstraightened",
        "type": "github"
      }
    },
    "doomemacs": {
      "flake": false,
      "locked": {
        "lastModified": 1788654597,
        "narHash": "sha256-Ywp5JhRziVk11M8qPhejJS+tF4ONNbOhevj5JRZsfOg=",
        "owner": "doomemacs",
        "repo": "doomemacs",
        "rev": "01d68aaf6bd7db073365385cd82e1ad7e815295c",
        "type": "github"
      },
      "original": {
        "owner": "doomemacs",
        "repo": "doomemacs",
        "type": "github"
      }
    },
    "doomemacs-modules": {
      "flake": false,
      "locked": {
        "lastModified": 1788284745,
        "narHash": "sha256-W+Xwss52Eb6K+I7TRaCU3Z5zPxmo0PfWbNPNLJv1TjE=",
        "owner": "doomemacs",
        "repo": "modules",
        "rev": "d57ab52a3425b6d39564fb011b0e9571da0e270f",
        "type": "github"
      },
      "original": {
        "owner": "doomemacs",
        "repo": "modules",
        "type": "github"
      }
    },
    "emacs-overlay": {
      "inputs": {
        "nixpkgs": [
          "nixpkgs"
        ],
        "nixpkgs-stable": []
      },
      "locked": {
        "lastModified": 1790108231,
        "narHash": "sha256-AHNgn9TF4jgP74rytJqzh7ucI3RR5aPZ5FgZrqfYX+M=",
        "owner": "nix-community",
        "repo": "emacs-overlay",
        "rev": "1681c893b9f6e2f839ae7c148adf79d6eee324c2",
        "type": "github"
      },
      "original": {
        "owner": "nix-community",
        "repo": "emacs-overlay",
        "type": "github"
      }
    },
    "flake-parts": {
      "inputs": {
        "nixpkgs-lib": "nixpkgs-lib"
      },
      "locked": {
        "lastModified": 1788450739,
        "narHash": "sha256-glZLQlzIn1fXH6PazR2iUmTo7kzzyYSshrWhLS9TqCU=",
        "owner": "hercules-ci",
        "repo": "flake-parts",
        "rev": "31729ca8cbdb4fa927b34e5f4353e6a83f39e993",
        "type": "github"
      },
      "original": {
        "owner": "hercules-ci",
        "repo": "flake-parts",
        "type": "github"
      }
    },
    "nix-doom-emacs": {
      "inputs": {
        "doomdir": "doomdir",
        "doomemacs": [
          "doomemacs"
        ],
        "doomemacs-modules": "doomemacs-modules",
        "emacs-overlay": [
          "emacs-overlay"
        ],
        "nixpkgs": [
          "nixpkgs"
        ]
      },
      "locked": {
        "lastModified": 1790003375,
        "narHash": "sha256-luXuF1aExg8zGHb3Cq91477QvSDl92KPNIlwAAFXJAk=",
        "owner": "marienz",
        "repo": "nix-doom-emacs-unstraightened",
        "rev": "4e644957bb95b5a7b2bae78a11bfa6ffc989c450",
        "type": "github"
      },
      "original": {
        "owner": "marienz",
        "repo": "nix-doom-emacs-unstraightened",
        "type": "github"
      }
    },
    "nixpkgs": {
      "locked": {
        "lastModified": 1790046670,
        "narHash": "sha256-MYiI+CzL0tuWgRPjGsKCDHqYs2T3OzMlMQWOYWG0qso=",
        "owner": "nixos",
        "repo": "nixpkgs",
        "rev": "6774f7bc253789b113a4f39285dc0fa100abeacc",
        "type": "github"
      },
      "original": {
        "owner": "nixos",
        "ref": "nixos-unstable",
        "repo": "nixpkgs",
        "type": "github"
      }
    },
    "nixpkgs-lib": {
      "locked": {
        "lastModified": 1788057806,
        "narHash": "sha256-DTQSMxzDWmT0zhguthvegnVkn7CFqGCv4IHCzk5ZUpM=",
        "owner": "nix-community",
        "repo": "nixpkgs.lib",
        "rev": "596e2e3940e09b2abbeb03f75fa1828c57fcd72c",
        "type": "github"
      },
      "original": {
        "owner": "nix-community",
        "repo": "nixpkgs.lib",
        "type": "github"
      }
    },
    "root": {
      "inputs": {
        "doomemacs": "doomemacs",
        "emacs-overlay": "emacs-overlay",
        "flake-parts": "flake-parts",
        "nix-doom-emacs": "nix-doom-emacs",
        "nixpkgs": "nixpkgs"
      }
    }
  },
  "root": "root",
  "version": 7
}
